
Microsoft Visual Studio Solution File, Format Version 12.00
# Visual Studio Version 17
VisualStudioVersion = 17.14.36518.9
MinimumVisualStudioVersion = 10.0.40219.1
Project("{FAE04EC0-301F-11D3-BF4B-00C04F79EFBC}") = "ERPIN", "ERPIN\ERPIN.csproj", "{DE6FD92D-BA57-43F6-A560-7437D431EB7E}"
EndProject
Project("{FAE04EC0-301F-11D3-BF4B-00C04F79EFBC}") = "ERPIN.Sales", "ERPN.Sales\ERPIN.Sales.csproj", "{06AA36E6-EF63-4C7A-803A-811884F8FFC8}"
EndProject
Project("{FAE04EC0-301F-11D3-BF4B-00C04F79EFBC}") = "ERPIN.Purchases", "ERPIN.Purchases\ERPIN.Purchases.csproj", "{211B3EE0-BFEC-412B-82C9-F2133F949385}"
EndProject
Project("{FAE04EC0-301F-11D3-BF4B-00C04F79EFBC}") = "ERPIN.Accounting", "ERPIN.Accounting\ERPIN.Accounting.csproj", "{0ADC7464-CB73-408B-AA2B-27202591DC96}"
EndProject
Project("{FAE04EC0-301F-11D3-BF4B-00C04F79EFBC}") = "ERPIN.Auth", "ERPIN.Auth\ERPIN.Auth.csproj", "{B512A84C-9EF8-0071-E243-BF685212AD40}"
EndProject
Project("{FAE04EC0-301F-11D3-BF4B-00C04F79EFBC}") = "ERPIN.Shared", "ERPIN.Shared\ERPIN.Shared.csproj", "{86029753-13A0-4614-9225-18E3D98F814C}"
EndProject
Project("{FAE04EC0-301F-11D3-BF4B-00C04F79EFBC}") = "ERPIN.Inventory", "ERPIN.Inventory\ERPIN.Inventory.csproj", "{E9B378ED-A5C0-4E6B-A2DA-B9D4D9F76222}"
EndProject
Global
	GlobalSection(SolutionConfigurationPlatforms) = preSolution
		Debug|Any CPU = Debug|Any CPU
		Release|Any CPU = Release|Any CPU
	EndGlobalSection
	GlobalSection(ProjectConfigurationPlatforms) = postSolution
		{DE6FD92D-BA57-43F6-A560-7437D431EB7E}.Debug|Any CPU.ActiveCfg = Debug|Any CPU
		{DE6FD92D-BA57-43F6-A560-7437D431EB7E}.Debug|Any CPU.Build.0 = Debug|Any CPU
		{DE6FD92D-BA57-43F6-A560-7437D431EB7E}.Release|Any CPU.ActiveCfg = Release|Any CPU
		{DE6FD92D-BA57-43F6-A560-7437D431EB7E}.Release|Any CPU.Build.0 = Release|Any CPU
		{06AA36E6-EF63-4C7A-803A-811884F8FFC8}.Debug|Any CPU.ActiveCfg = Debug|Any CPU
		{06AA36E6-EF63-4C7A-803A-811884F8FFC8}.Debug|Any CPU.Build.0 = Debug|Any CPU
		{06AA36E6-EF63-4C7A-803A-811884F8FFC8}.Release|Any CPU.ActiveCfg = Release|Any CPU
		{06AA36E6-EF63-4C7A-803A-811884F8FFC8}.Release|Any CPU.Build.0 = Release|Any CPU
		{211B3EE0-BFEC-412B-82C9-F2133F949385}.Debug|Any CPU.ActiveCfg = Debug|Any CPU
		{211B3EE0-BFEC-412B-82C9-F2133F949385}.Debug|Any CPU.Build.0 = Debug|Any CPU
		{211B3EE0-BFEC-412B-82C9-F2133F949385}.Release|Any CPU.ActiveCfg = Release|Any CPU
		{211B3EE0-BFEC-412B-82C9-F2133F949385}.Release|Any CPU.Build.0 = Release|Any CPU
		{0ADC7464-CB73-408B-AA2B-27202591DC96}.Debug|Any CPU.ActiveCfg = Debug|Any CPU
		{0ADC7464-CB73-408B-AA2B-27202591DC96}.Debug|Any CPU.Build.0 = Debug|Any CPU
		{0ADC7464-CB73-408B-AA2B-27202591DC96}.Release|Any CPU.ActiveCfg = Release|Any CPU
		{0ADC7464-CB73-408B-AA2B-27202591DC96}.Release|Any CPU.Build.0 = Release|Any CPU
		{B512A84C-9EF8-0071-E243-BF685212AD40}.Debug|Any CPU.ActiveCfg = Debug|Any CPU
		{B512A84C-9EF8-0071-E243-BF685212AD40}.Debug|Any CPU.Build.0 = Debug|Any CPU
		{B512A84C-9EF8-0071-E243-BF685212AD40}.Release|Any CPU.ActiveCfg = Release|Any CPU
		{B512A84C-9EF8-0071-E243-BF685212AD40}.Release|Any CPU.Build.0 = Release|Any CPU
		{86029753-13A0-4614-9225-18E3D98F814C}.Debug|Any CPU.ActiveCfg = Debug|Any CPU
		{86029753-13A0-4614-9225-18E3D98F814C}.Debug|Any CPU.Build.0 = Debug|Any CPU
		{86029753-13A0-4614-9225-18E3D98F814C}.Release|Any CPU.ActiveCfg = Release|Any CPU
		{86029753-13A0-4614-9225-18E3D98F814C}.Release|Any CPU.Build.0 = Release|Any CPU
		{E9B378ED-A5C0-4E6B-A2DA-B9D4D9F76222}.Debug|Any CPU.ActiveCfg = Debug|Any CPU
		{E9B378ED-A5C0-4E6B-A2DA-B9D4D9F76222}.Debug|Any CPU.Build.0 = Debug|Any CPU
		{E9B378ED-A5C0-4E6B-A2DA-B9D4D9F76222}.Release|Any CPU.ActiveCfg = Release|Any CPU
		{E9B378ED-A5C0-4E6B-A2DA-B9D4D9F76222}.Release|Any CPU.Build.0 = Release|Any CPU
	EndGlobalSection
	GlobalSection(SolutionProperties) = preSolution
		HideSolutionNode = FALSE
	EndGlobalSection
	GlobalSection(ExtensibilityGlobals) = postSolution
		SolutionGuid = {3F13CC47-EBEA-45F2-9E51-831CC9397B51}
	EndGlobalSection
EndGlobal
